schema: '2.0'
stages:
  load_data:
    cmd: python src/stage_01_get_data.py --config=config/config.yaml
    deps:
    - path: config/config.yaml
      md5: b43d52784306dcfbe7aaf1cd9983fe14
      size: 467
    - path: src/stage_01_get_data.py
      md5: 41eb0863ee2696efb5cee347efb7d07a
      size: 913
    - path: src/utils/all_utils.py
      md5: 46f36550856e7686a3c4751ad012d322
      size: 1775
    outs:
    - path: artifacts/raw_local_dir/data.csv
      md5: 60acca81995dc9744b499005ecfe6f2a
      size: 24059
  clean_data:
    cmd: python src/stage_02_clean_data.py --config=config/config.yaml
    deps:
    - path: artifacts/raw_local_dir/data.csv
      md5: 60acca81995dc9744b499005ecfe6f2a
      size: 24059
    - path: config/config.yaml
      md5: b43d52784306dcfbe7aaf1cd9983fe14
      size: 467
    - path: src/stage_02_clean_data.py
      md5: 0f7e6f619eac0bc50ac8aedaa0e27684
      size: 1848
    - path: src/utils/all_utils.py
      md5: 46f36550856e7686a3c4751ad012d322
      size: 1775
    outs:
    - path: artifacts/clean_data_dir/fill_values.csv
      md5: 32d0c026e52c199f9bab5a3e5cb535d9
      size: 31234
    - path: artifacts/null_dir/null.csv
      md5: 19c77d0ecd6b28cb8467f680341f9e40
      size: 134
  feature_selection:
    cmd: python src/stage_03_feature.py --config=config/config.yaml
    deps:
    - path: artifacts/clean_data_dir/fill_values.csv
      md5: 32d0c026e52c199f9bab5a3e5cb535d9
      size: 31234
    - path: config/config.yaml
      md5: b43d52784306dcfbe7aaf1cd9983fe14
      size: 467
    - path: src/stage_03_feature.py
      md5: 61acfd90ecb90a277d093b30540122ea
      size: 1740
    - path: src/utils/all_utils.py
      md5: 46f36550856e7686a3c4751ad012d322
      size: 1775
    outs:
    - path: artifacts/feature_selection_dir/after_feature_selection.csv
      md5: 49bbdac911bba782e0b3ee642c03e594
      size: 22817
    - path: artifacts/feature_selection_dir/feature_imporatant_score.csv
      md5: 1dfce0fb205785b99937738d9e826c8c
      size: 260
