schema: '2.0'
stages:
  load_data:
    cmd: python src/stage_01_get_data.py --config=config/config.yaml
    deps:
    - path: config/config.yaml
      md5: 3b3fdbbd04809f2fce5bb61b1ae8ad7e
      size: 719
    - path: src/stage_01_get_data.py
      md5: 41eb0863ee2696efb5cee347efb7d07a
      size: 913
    - path: src/utils/all_utils.py
      md5: 130dea057bf279548806174da89019cc
      size: 3372
    outs:
    - path: artifacts/raw_local_dir/data.csv
      md5: 60acca81995dc9744b499005ecfe6f2a
      size: 24059
  clean_data:
    cmd: python src/stage_02_clean_data.py --config=config/config.yaml
    deps:
    - path: artifacts/raw_local_dir/data.csv
      md5: 60acca81995dc9744b499005ecfe6f2a
      size: 24059
    - path: config/config.yaml
      md5: 3b3fdbbd04809f2fce5bb61b1ae8ad7e
      size: 719
    - path: src/stage_02_clean_data.py
      md5: 44e95eabd0709c5f9ba7a7b0da97083a
      size: 2519
    - path: src/utils/all_utils.py
      md5: 130dea057bf279548806174da89019cc
      size: 3372
    outs:
    - path: artifacts/clean_data_dir/fill_values.csv
      md5: 32d0c026e52c199f9bab5a3e5cb535d9
      size: 31234
    - path: artifacts/null_dir/null.csv
      md5: 19c77d0ecd6b28cb8467f680341f9e40
      size: 134
  feature_selection:
    cmd: python src/stage_03_feature.py --config=config/config.yaml
    deps:
    - path: artifacts/clean_data_dir/fill_values.csv
      md5: 32d0c026e52c199f9bab5a3e5cb535d9
      size: 31234
    - path: config/config.yaml
      md5: 3b3fdbbd04809f2fce5bb61b1ae8ad7e
      size: 719
    - path: src/stage_03_feature.py
      md5: 71489005aa8676bb30209f4ad5d433db
      size: 1761
    - path: src/utils/all_utils.py
      md5: 130dea057bf279548806174da89019cc
      size: 3372
    outs:
    - path: artifacts/feature_selection_dir/after_feature_selection.csv
      md5: eae799f01991d7402695a444aec6a2c0
      size: 18099
    - path: artifacts/feature_selection_dir/feature_imporatant_score.csv
      md5: 8a92a87e8a35fa18f922d5c711216342
      size: 260
  split_data:
    cmd: python src/stage_04_split_data.py --config=config/config.yaml --params=params.yaml
    deps:
    - path: artifacts/feature_selection_dir/after_feature_selection.csv
      md5: eae799f01991d7402695a444aec6a2c0
      size: 18099
    - path: config/config.yaml
      md5: 3b3fdbbd04809f2fce5bb61b1ae8ad7e
      size: 719
    - path: src/stage_04_split_data.py
      md5: 96ce151fdeee8a223efccf66d2a5836b
      size: 1702
    - path: src/utils/all_utils.py
      md5: 130dea057bf279548806174da89019cc
      size: 3372
    params:
      params.yaml:
        base.random_state: 101
        base.test_size: 0.2
    outs:
    - path: artifacts/split_data_dir/test.csv
      md5: c5c5321d76b5175a53526de674869f98
      size: 3675
    - path: artifacts/split_data_dir/train.csv
      md5: fee6156840b77eba2259d643d0dc59a8
      size: 14483
  train:
    cmd: python src/stage_05_train.py  --config=config/config.yaml --params=params.yaml
    deps:
    - path: artifacts/split_data_dir/train.csv
      md5: fee6156840b77eba2259d643d0dc59a8
      size: 14483
    - path: config/config.yaml
      md5: 3b3fdbbd04809f2fce5bb61b1ae8ad7e
      size: 719
    - path: src/stage_05_train.py
      md5: 32c73a320458e812bea27b9cd831626d
      size: 2201
    - path: src/utils/all_utils.py
      md5: 130dea057bf279548806174da89019cc
      size: 3372
    outs:
    - path: artifacts/model_dir/pipe.pkl
      md5: bd8716fc0c23465cea312f74ed7f096e
      size: 907105
  model_test:
    cmd: python src/eval.py --config=config/config.yaml
    deps:
    - path: artifacts/model_dir/pipe.pkl
      md5: bd8716fc0c23465cea312f74ed7f096e
      size: 907105
    - path: config/config.yaml
      md5: 3b3fdbbd04809f2fce5bb61b1ae8ad7e
      size: 719
    - path: src/eval.py
      md5: 8f1149fc3ce6f91e1fa4cf368d5eaef8
      size: 2291
    - path: src/utils/all_utils.py
      md5: 130dea057bf279548806174da89019cc
      size: 3372
    outs:
    - path: pre.json
      md5: 1884a1e8bf469be704ac97010115e01e
      size: 154
    - path: roc.json
      md5: e596d9417e8d1b25fb70d27e15c67178
      size: 151
    - path: score.json
      md5: df858859c79f56b70ac75c4421f26ba0
      size: 31
  run_plots_command:
    cmd: dvc plots diff
